
Microsoft Visual Studio Solution File, Format Version 12.00
# Visual Studio Version 17
VisualStudioVersion = 17.5.33627.172
MinimumVisualStudioVersion = 10.0.40219.1
Project("{FAE04EC0-301F-11D3-BF4B-00C04F79EFBC}") = "FirstApp", "FirsrApp\FirstApp.csproj", "{8DC4BA22-6556-4570-82C9-BB181462C7D5}"
EndProject
Project("{FAE04EC0-301F-11D3-BF4B-00C04F79EFBC}") = "DoWhileLoop", "DoWhileLoop\DoWhileLoop.csproj", "{E217D274-A939-4D5A-B0A0-3CF116676D11}"
EndProject
Project("{FAE04EC0-301F-11D3-BF4B-00C04F79EFBC}") = "ForLoop", "ForLoop\ForLoop.csproj", "{D55D8E72-9266-4C81-B19C-95DE02DEFDC6}"
EndProject
Project("{FAE04EC0-301F-11D3-BF4B-00C04F79EFBC}") = "goto_loop", "goto_loop\goto_loop.csproj", "{759FE2D2-7A88-4299-9844-7D2E3BA89586}"
EndProject
Global
	GlobalSection(SolutionConfigurationPlatforms) = preSolution
		Debug|Any CPU = Debug|Any CPU
		Release|Any CPU = Release|Any CPU
	EndGlobalSection
	GlobalSection(ProjectConfigurationPlatforms) = postSolution
		{8DC4BA22-6556-4570-82C9-BB181462C7D5}.Debug|Any CPU.ActiveCfg = Debug|Any CPU
		{8DC4BA22-6556-4570-82C9-BB181462C7D5}.Debug|Any CPU.Build.0 = Debug|Any CPU
		{8DC4BA22-6556-4570-82C9-BB181462C7D5}.Release|Any CPU.ActiveCfg = Release|Any CPU
		{8DC4BA22-6556-4570-82C9-BB181462C7D5}.Release|Any CPU.Build.0 = Release|Any CPU
		{E217D274-A939-4D5A-B0A0-3CF116676D11}.Debug|Any CPU.ActiveCfg = Debug|Any CPU
		{E217D274-A939-4D5A-B0A0-3CF116676D11}.Debug|Any CPU.Build.0 = Debug|Any CPU
		{E217D274-A939-4D5A-B0A0-3CF116676D11}.Release|Any CPU.ActiveCfg = Release|Any CPU
		{E217D274-A939-4D5A-B0A0-3CF116676D11}.Release|Any CPU.Build.0 = Release|Any CPU
		{D55D8E72-9266-4C81-B19C-95DE02DEFDC6}.Debug|Any CPU.ActiveCfg = Debug|Any CPU
		{D55D8E72-9266-4C81-B19C-95DE02DEFDC6}.Debug|Any CPU.Build.0 = Debug|Any CPU
		{D55D8E72-9266-4C81-B19C-95DE02DEFDC6}.Release|Any CPU.ActiveCfg = Release|Any CPU
		{D55D8E72-9266-4C81-B19C-95DE02DEFDC6}.Release|Any CPU.Build.0 = Release|Any CPU
		{759FE2D2-7A88-4299-9844-7D2E3BA89586}.Debug|Any CPU.ActiveCfg = Debug|Any CPU
		{759FE2D2-7A88-4299-9844-7D2E3BA89586}.Debug|Any CPU.Build.0 = Debug|Any CPU
		{759FE2D2-7A88-4299-9844-7D2E3BA89586}.Release|Any CPU.ActiveCfg = Release|Any CPU
		{759FE2D2-7A88-4299-9844-7D2E3BA89586}.Release|Any CPU.Build.0 = Release|Any CPU
	EndGlobalSection
	GlobalSection(SolutionProperties) = preSolution
		HideSolutionNode = FALSE
	EndGlobalSection
	GlobalSection(ExtensibilityGlobals) = postSolution
		SolutionGuid = {AF68F49F-CBA9-4C2E-A5F3-8A74BC2DB5BD}
	EndGlobalSection
EndGlobal
